
Microsoft Visual Studio Solution File, Format Version 12.00
# Visual Studio 15
VisualStudioVersion = 15.0.28010.2050
MinimumVisualStudioVersion = 10.0.40219.1
Project("{FAE04EC0-301F-11D3-BF4B-00C04F79EFBC}") = "BoardGameGeekAPI", "BoardGameGeekAPI\BoardGameGeekAPI.csproj", "{471D5F8E-1C03-4DA5-A56B-7CBEE598938E}"
EndProject
Project("{FAE04EC0-301F-11D3-BF4B-00C04F79EFBC}") = "BoardGameGeekConsole", "BoardGameGeekConsole\BoardGameGeekConsole.csproj", "{729AD07E-BD6D-4505-A99D-AE1492889EF9}"
EndProject
Global
	GlobalSection(SolutionConfigurationPlatforms) = preSolution
		Debug|Any CPU = Debug|Any CPU
		Release|Any CPU = Release|Any CPU
	EndGlobalSection
	GlobalSection(ProjectConfigurationPlatforms) = postSolution
		{471D5F8E-1C03-4DA5-A56B-7CBEE598938E}.Debug|Any CPU.ActiveCfg = Debug|Any CPU
		{471D5F8E-1C03-4DA5-A56B-7CBEE598938E}.Debug|Any CPU.Build.0 = Debug|Any CPU
		{471D5F8E-1C03-4DA5-A56B-7CBEE598938E}.Release|Any CPU.ActiveCfg = Release|Any CPU
		{471D5F8E-1C03-4DA5-A56B-7CBEE598938E}.Release|Any CPU.Build.0 = Release|Any CPU
		{729AD07E-BD6D-4505-A99D-AE1492889EF9}.Debug|Any CPU.ActiveCfg = Debug|Any CPU
		{729AD07E-BD6D-4505-A99D-AE1492889EF9}.Debug|Any CPU.Build.0 = Debug|Any CPU
		{729AD07E-BD6D-4505-A99D-AE1492889EF9}.Release|Any CPU.ActiveCfg = Release|Any CPU
		{729AD07E-BD6D-4505-A99D-AE1492889EF9}.Release|Any CPU.Build.0 = Release|Any CPU
	EndGlobalSection
	GlobalSection(SolutionProperties) = preSolution
		HideSolutionNode = FALSE
	EndGlobalSection
	GlobalSection(ExtensibilityGlobals) = postSolution
		SolutionGuid = {636AB415-8DF1-4895-B3E3-6BB50BE4386F}
	EndGlobalSection
EndGlobal
